
Microsoft Visual Studio Solution File, Format Version 12.00
# Visual Studio Version 17
VisualStudioVersion = 17.12.35506.116
MinimumVisualStudioVersion = 10.0.40219.1
Project("{FAE04EC0-301F-11D3-BF4B-00C04F79EFBC}") = "PerezMaximiliano_MorenoAaron_Projecte", "PerezMaximiliano_MorenoAaron_Projecte\PerezMaximiliano_MorenoAaron_Projecte.csproj", "{ED330B3F-5EB9-4DAC-9E38-50F09B0401C1}"
EndProject
Project("{FAE04EC0-301F-11D3-BF4B-00C04F79EFBC}") = "PerezMaximiliano_MorenoAaron_ProjecteAPI", "PerezMaximiliano_MorenoAaron_ProjecteAPI\PerezMaximiliano_MorenoAaron_ProjecteAPI.csproj", "{8B9BC7A6-93D2-4E13-8199-8DFBF4D4935B}"
EndProject
Global
	GlobalSection(SolutionConfigurationPlatforms) = preSolution
		Debug|Any CPU = Debug|Any CPU
		Release|Any CPU = Release|Any CPU
	EndGlobalSection
	GlobalSection(ProjectConfigurationPlatforms) = postSolution
		{ED330B3F-5EB9-4DAC-9E38-50F09B0401C1}.Debug|Any CPU.ActiveCfg = Debug|Any CPU
		{ED330B3F-5EB9-4DAC-9E38-50F09B0401C1}.Debug|Any CPU.Build.0 = Debug|Any CPU
		{ED330B3F-5EB9-4DAC-9E38-50F09B0401C1}.Release|Any CPU.ActiveCfg = Release|Any CPU
		{ED330B3F-5EB9-4DAC-9E38-50F09B0401C1}.Release|Any CPU.Build.0 = Release|Any CPU
		{8B9BC7A6-93D2-4E13-8199-8DFBF4D4935B}.Debug|Any CPU.ActiveCfg = Debug|Any CPU
		{8B9BC7A6-93D2-4E13-8199-8DFBF4D4935B}.Debug|Any CPU.Build.0 = Debug|Any CPU
		{8B9BC7A6-93D2-4E13-8199-8DFBF4D4935B}.Release|Any CPU.ActiveCfg = Release|Any CPU
		{8B9BC7A6-93D2-4E13-8199-8DFBF4D4935B}.Release|Any CPU.Build.0 = Release|Any CPU
	EndGlobalSection
	GlobalSection(SolutionProperties) = preSolution
		HideSolutionNode = FALSE
	EndGlobalSection
EndGlobal
