
Microsoft Visual Studio Solution File, Format Version 12.00
# Visual Studio Version 17
VisualStudioVersion = 17.12.35506.116
MinimumVisualStudioVersion = 10.0.40219.1
Project("{FAE04EC0-301F-11D3-BF4B-00C04F79EFBC}") = "PerezMaximiliano_MorenoAaron_Projecte", "PerezMaximiliano_MorenoAaron_Projecte\PerezMaximiliano_MorenoAaron_Projecte.csproj", "{ED330B3F-5EB9-4DAC-9E38-50F09B0401C1}"
EndProject
Project("{FAE04EC0-301F-11D3-BF4B-00C04F79EFBC}") = "PerezMaximiliano_MorenoAaron_ProjecteAPI", "PerezMaximiliano_MorenoAaron_ProjecteAPI\PerezMaximiliano_MorenoAaron_ProjecteAPI.csproj", "{8B9BC7A6-93D2-4E13-8199-8DFBF4D4935B}"
EndProject
Project("{FAE04EC0-301F-11D3-BF4B-00C04F79EFBC}") = "RepositoriProjecte", "RepositoriProjecte\RepositoriProjecte.csproj", "{E9C159D5-4253-4340-9812-A7909BA02C97}"
EndProject
Project("{FAE04EC0-301F-11D3-BF4B-00C04F79EFBC}") = "Reserves", "Reserves\Reserves.csproj", "{D32D404A-79CA-4967-8C78-8E77CD136705}"
EndProject
Project("{FAE04EC0-301F-11D3-BF4B-00C04F79EFBC}") = "Taules", "Taules\Taules.csproj", "{C1EB4150-D262-4645-8F7E-D35355C5E1EB}"
EndProject
Project("{FAE04EC0-301F-11D3-BF4B-00C04F79EFBC}") = "Contacte", "Contacte\Contacte.csproj", "{EFC27471-0E0F-4069-BA6E-F1BD70EA4CBA}"
EndProject
Project("{FAE04EC0-301F-11D3-BF4B-00C04F79EFBC}") = "Configuracio", "Configuracio\Configuracio.csproj", "{4D47EFDD-515D-4E29-A708-50CADBC773F6}"
EndProject
Project("{FAE04EC0-301F-11D3-BF4B-00C04F79EFBC}") = "Horari", "Horari\Horari.csproj", "{8EAA64FD-6A87-4A4D-B3AD-9A8B18E1E0FF}"
EndProject
Global
	GlobalSection(SolutionConfigurationPlatforms) = preSolution
		Debug|Any CPU = Debug|Any CPU
		Release|Any CPU = Release|Any CPU
	EndGlobalSection
	GlobalSection(ProjectConfigurationPlatforms) = postSolution
		{ED330B3F-5EB9-4DAC-9E38-50F09B0401C1}.Debug|Any CPU.ActiveCfg = Debug|Any CPU
		{ED330B3F-5EB9-4DAC-9E38-50F09B0401C1}.Debug|Any CPU.Build.0 = Debug|Any CPU
		{ED330B3F-5EB9-4DAC-9E38-50F09B0401C1}.Release|Any CPU.ActiveCfg = Release|Any CPU
		{ED330B3F-5EB9-4DAC-9E38-50F09B0401C1}.Release|Any CPU.Build.0 = Release|Any CPU
		{8B9BC7A6-93D2-4E13-8199-8DFBF4D4935B}.Debug|Any CPU.ActiveCfg = Debug|Any CPU
		{8B9BC7A6-93D2-4E13-8199-8DFBF4D4935B}.Debug|Any CPU.Build.0 = Debug|Any CPU
		{8B9BC7A6-93D2-4E13-8199-8DFBF4D4935B}.Release|Any CPU.ActiveCfg = Release|Any CPU
		{8B9BC7A6-93D2-4E13-8199-8DFBF4D4935B}.Release|Any CPU.Build.0 = Release|Any CPU
		{E9C159D5-4253-4340-9812-A7909BA02C97}.Debug|Any CPU.ActiveCfg = Debug|Any CPU
		{E9C159D5-4253-4340-9812-A7909BA02C97}.Debug|Any CPU.Build.0 = Debug|Any CPU
		{E9C159D5-4253-4340-9812-A7909BA02C97}.Release|Any CPU.ActiveCfg = Release|Any CPU
		{E9C159D5-4253-4340-9812-A7909BA02C97}.Release|Any CPU.Build.0 = Release|Any CPU
		{D32D404A-79CA-4967-8C78-8E77CD136705}.Debug|Any CPU.ActiveCfg = Debug|Any CPU
		{D32D404A-79CA-4967-8C78-8E77CD136705}.Debug|Any CPU.Build.0 = Debug|Any CPU
		{D32D404A-79CA-4967-8C78-8E77CD136705}.Release|Any CPU.ActiveCfg = Release|Any CPU
		{D32D404A-79CA-4967-8C78-8E77CD136705}.Release|Any CPU.Build.0 = Release|Any CPU
		{C1EB4150-D262-4645-8F7E-D35355C5E1EB}.Debug|Any CPU.ActiveCfg = Debug|Any CPU
		{C1EB4150-D262-4645-8F7E-D35355C5E1EB}.Debug|Any CPU.Build.0 = Debug|Any CPU
		{C1EB4150-D262-4645-8F7E-D35355C5E1EB}.Release|Any CPU.ActiveCfg = Release|Any CPU
		{C1EB4150-D262-4645-8F7E-D35355C5E1EB}.Release|Any CPU.Build.0 = Release|Any CPU
		{EFC27471-0E0F-4069-BA6E-F1BD70EA4CBA}.Debug|Any CPU.ActiveCfg = Debug|Any CPU
		{EFC27471-0E0F-4069-BA6E-F1BD70EA4CBA}.Debug|Any CPU.Build.0 = Debug|Any CPU
		{EFC27471-0E0F-4069-BA6E-F1BD70EA4CBA}.Release|Any CPU.ActiveCfg = Release|Any CPU
		{EFC27471-0E0F-4069-BA6E-F1BD70EA4CBA}.Release|Any CPU.Build.0 = Release|Any CPU
		{4D47EFDD-515D-4E29-A708-50CADBC773F6}.Debug|Any CPU.ActiveCfg = Debug|Any CPU
		{4D47EFDD-515D-4E29-A708-50CADBC773F6}.Debug|Any CPU.Build.0 = Debug|Any CPU
		{4D47EFDD-515D-4E29-A708-50CADBC773F6}.Release|Any CPU.ActiveCfg = Release|Any CPU
		{4D47EFDD-515D-4E29-A708-50CADBC773F6}.Release|Any CPU.Build.0 = Release|Any CPU
		{8EAA64FD-6A87-4A4D-B3AD-9A8B18E1E0FF}.Debug|Any CPU.ActiveCfg = Debug|Any CPU
		{8EAA64FD-6A87-4A4D-B3AD-9A8B18E1E0FF}.Debug|Any CPU.Build.0 = Debug|Any CPU
		{8EAA64FD-6A87-4A4D-B3AD-9A8B18E1E0FF}.Release|Any CPU.ActiveCfg = Release|Any CPU
		{8EAA64FD-6A87-4A4D-B3AD-9A8B18E1E0FF}.Release|Any CPU.Build.0 = Release|Any CPU
	EndGlobalSection
	GlobalSection(SolutionProperties) = preSolution
		HideSolutionNode = FALSE
	EndGlobalSection
EndGlobal
